// !$*UTF8*$!
{
	archiveVersion = 1;
	classes = {
	};
	objectVersion = 77;
	objects = {

/* Begin PBXBuildFile section */
		5C193E4A2D36B84E00795397 /* FirebaseAnalytics in Frameworks */ = {isa = PBXBuildFile; productRef = 5C193E492D36B84E00795397 /* FirebaseAnalytics */; };
		5C193E4C2D36B84E00795397 /* FirebaseCrashlytics in Frameworks */ = {isa = PBXBuildFile; productRef = 5C193E4B2D36B84E00795397 /* FirebaseCrashlytics */; };
		5C1B26B62D13279E00C20724 /* Factory in Frameworks */ = {isa = PBXBuildFile; productRef = 5C1B26B52D13279E00C20724 /* Factory */; };
		5CB9B5412D3A1C9D00EBFCB0 /* GoogleUserMessagingPlatform in Frameworks */ = {isa = PBXBuildFile; productRef = 5CB9B5402D3A1C9D00EBFCB0 /* GoogleUserMessagingPlatform */; };
/* End PBXBuildFile section */

/* Begin PBXContainerItemProxy section */
		5C81DE892CF4EA8D005B3729 /* PBXContainerItemProxy */ = {
			isa = PBXContainerItemProxy;
			containerPortal = 5C81DE6E2CF4EA8C005B3729 /* Project object */;
			proxyType = 1;
			remoteGlobalIDString = 5C81DE752CF4EA8C005B3729;
			remoteInfo = swapi;
		};
		5C81DE932CF4EA8D005B3729 /* PBXContainerItemProxy */ = {
			isa = PBXContainerItemProxy;
			containerPortal = 5C81DE6E2CF4EA8C005B3729 /* Project object */;
			proxyType = 1;
			remoteGlobalIDString = 5C81DE752CF4EA8C005B3729;
			remoteInfo = swapi;
		};
/* End PBXContainerItemProxy section */

/* Begin PBXFileReference section */
		5C5D96612D10863100FCC672 /* Info.plist */ = {isa = PBXFileReference; lastKnownFileType = text.plist; name = Info.plist; path = Swapi/Info.plist; sourceTree = "<group>"; };
		5C81DE762CF4EA8C005B3729 /* Swapi.app */ = {isa = PBXFileReference; explicitFileType = wrapper.application; includeInIndex = 0; path = Swapi.app; sourceTree = BUILT_PRODUCTS_DIR; };
		5C81DE882CF4EA8D005B3729 /* swapiTests.xctest */ = {isa = PBXFileReference; explicitFileType = wrapper.cfbundle; includeInIndex = 0; path = swapiTests.xctest; sourceTree = BUILT_PRODUCTS_DIR; };
		5C81DE922CF4EA8D005B3729 /* swapiUITests.xctest */ = {isa = PBXFileReference; explicitFileType = wrapper.cfbundle; includeInIndex = 0; path = swapiUITests.xctest; sourceTree = BUILT_PRODUCTS_DIR; };
		5CA4ECBE2D0FECE90070B589 /* .gitignore */ = {isa = PBXFileReference; lastKnownFileType = text; path = .gitignore; sourceTree = "<group>"; };
/* End PBXFileReference section */

/* Begin PBXFileSystemSynchronizedBuildFileExceptionSet section */
		5C93B83B2D113F4E00356669 /* Exceptions for "swapi" folder in "Swapi" target */ = {
			isa = PBXFileSystemSynchronizedBuildFileExceptionSet;
			membershipExceptions = (
				Info.plist,
			);
			target = 5C81DE752CF4EA8C005B3729 /* Swapi */;
		};
/* End PBXFileSystemSynchronizedBuildFileExceptionSet section */

/* Begin PBXFileSystemSynchronizedRootGroup section */
		5C5D96582D10858000FCC672 /* Fonts */ = {
			isa = PBXFileSystemSynchronizedRootGroup;
			path = Fonts;
			sourceTree = "<group>";
		};
		5C81DE782CF4EA8C005B3729 /* swapi */ = {
			isa = PBXFileSystemSynchronizedRootGroup;
			exceptions = (
				5C93B83B2D113F4E00356669 /* Exceptions for "swapi" folder in "Swapi" target */,
			);
			path = swapi;
			sourceTree = "<group>";
		};
		5C81DE8B2CF4EA8D005B3729 /* swapiTests */ = {
			isa = PBXFileSystemSynchronizedRootGroup;
			path = swapiTests;
			sourceTree = "<group>";
		};
		5C81DE952CF4EA8D005B3729 /* swapiUITests */ = {
			isa = PBXFileSystemSynchronizedRootGroup;
			path = swapiUITests;
			sourceTree = "<group>";
		};
/* End PBXFileSystemSynchronizedRootGroup section */

/* Begin PBXFrameworksBuildPhase section */
		5C81DE732CF4EA8C005B3729 /* Frameworks */ = {
			isa = PBXFrameworksBuildPhase;
			buildActionMask = 2147483647;
			files = (
				5C193E4C2D36B84E00795397 /* FirebaseCrashlytics in Frameworks */,
				5C193E4A2D36B84E00795397 /* FirebaseAnalytics in Frameworks */,
				5CB9B5412D3A1C9D00EBFCB0 /* GoogleUserMessagingPlatform in Frameworks */,
				5C1B26B62D13279E00C20724 /* Factory in Frameworks */,
			);
			runOnlyForDeploymentPostprocessing = 0;
		};
		5C81DE852CF4EA8D005B3729 /* Frameworks */ = {
			isa = PBXFrameworksBuildPhase;
			buildActionMask = 2147483647;
			files = (
			);
			runOnlyForDeploymentPostprocessing = 0;
		};
		5C81DE8F2CF4EA8D005B3729 /* Frameworks */ = {
			isa = PBXFrameworksBuildPhase;
			buildActionMask = 2147483647;
			files = (
			);
			runOnlyForDeploymentPostprocessing = 0;
		};
/* End PBXFrameworksBuildPhase section */

/* Begin PBXGroup section */
		5C1B26B42D13279E00C20724 /* Frameworks */ = {
			isa = PBXGroup;
			children = (
			);
			name = Frameworks;
			sourceTree = "<group>";
		};
		5C81DE6D2CF4EA8C005B3729 = {
			isa = PBXGroup;
			children = (
				5C5D96612D10863100FCC672 /* Info.plist */,
				5C5D96582D10858000FCC672 /* Fonts */,
				5CA4ECBE2D0FECE90070B589 /* .gitignore */,
				5C81DE782CF4EA8C005B3729 /* swapi */,
				5C81DE8B2CF4EA8D005B3729 /* swapiTests */,
				5C81DE952CF4EA8D005B3729 /* swapiUITests */,
				5C1B26B42D13279E00C20724 /* Frameworks */,
				5C81DE772CF4EA8C005B3729 /* Products */,
			);
			sourceTree = "<group>";
		};
		5C81DE772CF4EA8C005B3729 /* Products */ = {
			isa = PBXGroup;
			children = (
				5C81DE762CF4EA8C005B3729 /* Swapi.app */,
				5C81DE882CF4EA8D005B3729 /* swapiTests.xctest */,
				5C81DE922CF4EA8D005B3729 /* swapiUITests.xctest */,
			);
			name = Products;
			sourceTree = "<group>";
		};
/* End PBXGroup section */

/* Begin PBXNativeTarget section */
		5C81DE752CF4EA8C005B3729 /* Swapi */ = {
			isa = PBXNativeTarget;
			buildConfigurationList = 5C81DE9C2CF4EA8D005B3729 /* Build configuration list for PBXNativeTarget "Swapi" */;
			buildPhases = (
				5C81DE722CF4EA8C005B3729 /* Sources */,
				5C81DE732CF4EA8C005B3729 /* Frameworks */,
				5C81DE742CF4EA8C005B3729 /* Resources */,
				5CC8623C2D37742A000D753B /* ShellScript */,
			);
			buildRules = (
			);
			dependencies = (
			);
			fileSystemSynchronizedGroups = (
				5C5D96582D10858000FCC672 /* Fonts */,
				5C81DE782CF4EA8C005B3729 /* swapi */,
			);
			name = Swapi;
			packageProductDependencies = (
				5C1B26B52D13279E00C20724 /* Factory */,
				5C193E492D36B84E00795397 /* FirebaseAnalytics */,
				5C193E4B2D36B84E00795397 /* FirebaseCrashlytics */,
				5CB9B5402D3A1C9D00EBFCB0 /* GoogleUserMessagingPlatform */,
			);
			productName = swapi;
			productReference = 5C81DE762CF4EA8C005B3729 /* Swapi.app */;
			productType = "com.apple.product-type.application";
		};
		5C81DE872CF4EA8D005B3729 /* swapiTests */ = {
			isa = PBXNativeTarget;
			buildConfigurationList = 5C81DE9F2CF4EA8D005B3729 /* Build configuration list for PBXNativeTarget "swapiTests" */;
			buildPhases = (
				5C81DE842CF4EA8D005B3729 /* Sources */,
				5C81DE852CF4EA8D005B3729 /* Frameworks */,
				5C81DE862CF4EA8D005B3729 /* Resources */,
			);
			buildRules = (
			);
			dependencies = (
				5C81DE8A2CF4EA8D005B3729 /* PBXTargetDependency */,
			);
			fileSystemSynchronizedGroups = (
				5C81DE8B2CF4EA8D005B3729 /* swapiTests */,
			);
			name = swapiTests;
			packageProductDependencies = (
			);
			productName = swapiTests;
			productReference = 5C81DE882CF4EA8D005B3729 /* swapiTests.xctest */;
			productType = "com.apple.product-type.bundle.unit-test";
		};
		5C81DE912CF4EA8D005B3729 /* swapiUITests */ = {
			isa = PBXNativeTarget;
			buildConfigurationList = 5C81DEA22CF4EA8D005B3729 /* Build configuration list for PBXNativeTarget "swapiUITests" */;
			buildPhases = (
				5C81DE8E2CF4EA8D005B3729 /* Sources */,
				5C81DE8F2CF4EA8D005B3729 /* Frameworks */,
				5C81DE902CF4EA8D005B3729 /* Resources */,
			);
			buildRules = (
			);
			dependencies = (
				5C81DE942CF4EA8D005B3729 /* PBXTargetDependency */,
			);
			fileSystemSynchronizedGroups = (
				5C81DE952CF4EA8D005B3729 /* swapiUITests */,
			);
			name = swapiUITests;
			packageProductDependencies = (
			);
			productName = swapiUITests;
			productReference = 5C81DE922CF4EA8D005B3729 /* swapiUITests.xctest */;
			productType = "com.apple.product-type.bundle.ui-testing";
		};
/* End PBXNativeTarget section */

/* Begin PBXProject section */
		5C81DE6E2CF4EA8C005B3729 /* Project object */ = {
			isa = PBXProject;
			attributes = {
				BuildIndependentTargetsInParallel = 1;
				LastSwiftUpdateCheck = 1610;
				LastUpgradeCheck = 1610;
				TargetAttributes = {
					5C81DE752CF4EA8C005B3729 = {
						CreatedOnToolsVersion = 16.1;
					};
					5C81DE872CF4EA8D005B3729 = {
						CreatedOnToolsVersion = 16.1;
						TestTargetID = 5C81DE752CF4EA8C005B3729;
					};
					5C81DE912CF4EA8D005B3729 = {
						CreatedOnToolsVersion = 16.1;
						TestTargetID = 5C81DE752CF4EA8C005B3729;
					};
				};
			};
			buildConfigurationList = 5C81DE712CF4EA8C005B3729 /* Build configuration list for PBXProject "swapi" */;
			developmentRegion = en;
			hasScannedForEncodings = 0;
			knownRegions = (
				en,
				Base,
			);
			mainGroup = 5C81DE6D2CF4EA8C005B3729;
			minimizedProjectReferenceProxies = 1;
			packageReferences = (
				5C1B26B32D13278C00C20724 /* XCRemoteSwiftPackageReference "Factory" */,
				5C193E482D36B84E00795397 /* XCRemoteSwiftPackageReference "firebase-ios-sdk" */,
				5CB9B53D2D3A14A600EBFCB0 /* XCRemoteSwiftPackageReference "swift-package-manager-google-user-messaging-platform" */,
			);
			preferredProjectObjectVersion = 77;
			productRefGroup = 5C81DE772CF4EA8C005B3729 /* Products */;
			projectDirPath = "";
			projectRoot = "";
			targets = (
				5C81DE752CF4EA8C005B3729 /* Swapi */,
				5C81DE872CF4EA8D005B3729 /* swapiTests */,
				5C81DE912CF4EA8D005B3729 /* swapiUITests */,
			);
		};
/* End PBXProject section */

/* Begin PBXResourcesBuildPhase section */
		5C81DE742CF4EA8C005B3729 /* Resources */ = {
			isa = PBXResourcesBuildPhase;
			buildActionMask = 2147483647;
			files = (
			);
			runOnlyForDeploymentPostprocessing = 0;
		};
		5C81DE862CF4EA8D005B3729 /* Resources */ = {
			isa = PBXResourcesBuildPhase;
			buildActionMask = 2147483647;
			files = (
			);
			runOnlyForDeploymentPostprocessing = 0;
		};
		5C81DE902CF4EA8D005B3729 /* Resources */ = {
			isa = PBXResourcesBuildPhase;
			buildActionMask = 2147483647;
			files = (
			);
			runOnlyForDeploymentPostprocessing = 0;
		};
/* End PBXResourcesBuildPhase section */

/* Begin PBXShellScriptBuildPhase section */
		5CC8623C2D37742A000D753B /* ShellScript */ = {
			isa = PBXShellScriptBuildPhase;
			buildActionMask = 2147483647;
			files = (
			);
			inputFileListPaths = (
			);
			inputPaths = (
				"${DWARF_DSYM_FOLDER_PATH}/${DWARF_DSYM_FILE_NAME}",
				"${DWARF_DSYM_FOLDER_PATH}/${DWARF_DSYM_FILE_NAME}/Contents/Resources/DWARF/${PRODUCT_NAME}",
				"${DWARF_DSYM_FOLDER_PATH}/${DWARF_DSYM_FILE_NAME}/Contents/Info.plist",
				"$(TARGET_BUILD_DIR)/$(UNLOCALIZED_RESOURCES_FOLDER_PATH)/GoogleService-Info.plist",
				"$(TARGET_BUILD_DIR)/$(EXECUTABLE_PATH)",
				"${DWARF_DSYM_FOLDER_PATH}/${DWARF_DSYM_FILE_NAME}/Contents/Resources/DWARF/${PRODUCT_NAME}.debug.dylib",
			);
			outputFileListPaths = (
			);
			outputPaths = (
			);
			runOnlyForDeploymentPostprocessing = 0;
			shellPath = /bin/sh;
			shellScript = "# Type a script or drag a script file from your workspace to insert its path.\n\"${BUILD_DIR%/Build/*}/SourcePackages/checkouts/firebase-ios-sdk/Crashlytics/run\"\n";
		};
/* End PBXShellScriptBuildPhase section */

/* Begin PBXSourcesBuildPhase section */
		5C81DE722CF4EA8C005B3729 /* Sources */ = {
			isa = PBXSourcesBuildPhase;
			buildActionMask = 2147483647;
			files = (
			);
			runOnlyForDeploymentPostprocessing = 0;
		};
		5C81DE842CF4EA8D005B3729 /* Sources */ = {
			isa = PBXSourcesBuildPhase;
			buildActionMask = 2147483647;
			files = (
			);
			runOnlyForDeploymentPostprocessing = 0;
		};
		5C81DE8E2CF4EA8D005B3729 /* Sources */ = {
			isa = PBXSourcesBuildPhase;
			buildActionMask = 2147483647;
			files = (
			);
			runOnlyForDeploymentPostprocessing = 0;
		};
/* End PBXSourcesBuildPhase section */

/* Begin PBXTargetDependency section */
		5C81DE8A2CF4EA8D005B3729 /* PBXTargetDependency */ = {
			isa = PBXTargetDependency;
			target = 5C81DE752CF4EA8C005B3729 /* Swapi */;
			targetProxy = 5C81DE892CF4EA8D005B3729 /* PBXContainerItemProxy */;
		};
		5C81DE942CF4EA8D005B3729 /* PBXTargetDependency */ = {
			isa = PBXTargetDependency;
			target = 5C81DE752CF4EA8C005B3729 /* Swapi */;
			targetProxy = 5C81DE932CF4EA8D005B3729 /* PBXContainerItemProxy */;
		};
/* End PBXTargetDependency section */

/* Begin XCBuildConfiguration section */
		5C81DE9A2CF4EA8D005B3729 /* Debug */ = {
			isa = XCBuildConfiguration;
			buildSettings = {
				ALWAYS_SEARCH_USER_PATHS = NO;
				ASSETCATALOG_COMPILER_GENERATE_SWIFT_ASSET_SYMBOL_EXTENSIONS = YES;
				CLANG_ANALYZER_NONNULL = YES;
				CLANG_ANALYZER_NUMBER_OBJECT_CONVERSION = YES_AGGRESSIVE;
				CLANG_CXX_LANGUAGE_STANDARD = "gnu++20";
				CLANG_ENABLE_MODULES = YES;
				CLANG_ENABLE_OBJC_ARC = YES;
				CLANG_ENABLE_OBJC_WEAK = YES;
				CLANG_WARN_BLOCK_CAPTURE_AUTORELEASING = YES;
				CLANG_WARN_BOOL_CONVERSION = YES;
				CLANG_WARN_COMMA = YES;
				CLANG_WARN_CONSTANT_CONVERSION = YES;
				CLANG_WARN_DEPRECATED_OBJC_IMPLEMENTATIONS = YES;
				CLANG_WARN_DIRECT_OBJC_ISA_USAGE = YES_ERROR;
				CLANG_WARN_DOCUMENTATION_COMMENTS = YES;
				CLANG_WARN_EMPTY_BODY = YES;
				CLANG_WARN_ENUM_CONVERSION = YES;
				CLANG_WARN_INFINITE_RECURSION = YES;
				CLANG_WARN_INT_CONVERSION = YES;
				CLANG_WARN_NON_LITERAL_NULL_CONVERSION = YES;
				CLANG_WARN_OBJC_IMPLICIT_RETAIN_SELF = YES;
				CLANG_WARN_OBJC_LITERAL_CONVERSION = YES;
				CLANG_WARN_OBJC_ROOT_CLASS = YES_ERROR;
				CLANG_WARN_QUOTED_INCLUDE_IN_FRAMEWORK_HEADER = YES;
				CLANG_WARN_RANGE_LOOP_ANALYSIS = YES;
				CLANG_WARN_STRICT_PROTOTYPES = YES;
				CLANG_WARN_SUSPICIOUS_MOVE = YES;
				CLANG_WARN_UNGUARDED_AVAILABILITY = YES_AGGRESSIVE;
				CLANG_WARN_UNREACHABLE_CODE = YES;
				CLANG_WARN__DUPLICATE_METHOD_MATCH = YES;
				COPY_PHASE_STRIP = NO;
				DEBUG_INFORMATION_FORMAT = dwarf;
				ENABLE_STRICT_OBJC_MSGSEND = YES;
				ENABLE_TESTABILITY = YES;
				ENABLE_USER_SCRIPT_SANDBOXING = YES;
				GCC_C_LANGUAGE_STANDARD = gnu17;
				GCC_DYNAMIC_NO_PIC = NO;
				GCC_NO_COMMON_BLOCKS = YES;
				GCC_OPTIMIZATION_LEVEL = 0;
				GCC_PREPROCESSOR_DEFINITIONS = (
					"DEBUG=1",
					"$(inherited)",
				);
				GCC_WARN_64_TO_32_BIT_CONVERSION = YES;
				GCC_WARN_ABOUT_RETURN_TYPE = YES_ERROR;
				GCC_WARN_UNDECLARED_SELECTOR = YES;
				GCC_WARN_UNINITIALIZED_AUTOS = YES_AGGRESSIVE;
				GCC_WARN_UNUSED_FUNCTION = YES;
				GCC_WARN_UNUSED_VARIABLE = YES;
				IPHONEOS_DEPLOYMENT_TARGET = 18.1;
				LOCALIZATION_PREFERS_STRING_CATALOGS = YES;
				MTL_ENABLE_DEBUG_INFO = INCLUDE_SOURCE;
				MTL_FAST_MATH = YES;
				ONLY_ACTIVE_ARCH = YES;
				SDKROOT = iphoneos;
				SWIFT_ACTIVE_COMPILATION_CONDITIONS = "DEBUG $(inherited)";
				SWIFT_OPTIMIZATION_LEVEL = "-Onone";
			};
			name = Debug;
		};
		5C81DE9B2CF4EA8D005B3729 /* Release */ = {
			isa = XCBuildConfiguration;
			buildSettings = {
				ALWAYS_SEARCH_USER_PATHS = NO;
				ASSETCATALOG_COMPILER_GENERATE_SWIFT_ASSET_SYMBOL_EXTENSIONS = YES;
				CLANG_ANALYZER_NONNULL = YES;
				CLANG_ANALYZER_NUMBER_OBJECT_CONVERSION = YES_AGGRESSIVE;
				CLANG_CXX_LANGUAGE_STANDARD = "gnu++20";
				CLANG_ENABLE_MODULES = YES;
				CLANG_ENABLE_OBJC_ARC = YES;
				CLANG_ENABLE_OBJC_WEAK = YES;
				CLANG_WARN_BLOCK_CAPTURE_AUTORELEASING = YES;
				CLANG_WARN_BOOL_CONVERSION = YES;
				CLANG_WARN_COMMA = YES;
				CLANG_WARN_CONSTANT_CONVERSION = YES;
				CLANG_WARN_DEPRECATED_OBJC_IMPLEMENTATIONS = YES;
				CLANG_WARN_DIRECT_OBJC_ISA_USAGE = YES_ERROR;
				CLANG_WARN_DOCUMENTATION_COMMENTS = YES;
				CLANG_WARN_EMPTY_BODY = YES;
				CLANG_WARN_ENUM_CONVERSION = YES;
				CLANG_WARN_INFINITE_RECURSION = YES;
				CLANG_WARN_INT_CONVERSION = YES;
				CLANG_WARN_NON_LITERAL_NULL_CONVERSION = YES;
				CLANG_WARN_OBJC_IMPLICIT_RETAIN_SELF = YES;
				CLANG_WARN_OBJC_LITERAL_CONVERSION = YES;
				CLANG_WARN_OBJC_ROOT_CLASS = YES_ERROR;
				CLANG_WARN_QUOTED_INCLUDE_IN_FRAMEWORK_HEADER = YES;
				CLANG_WARN_RANGE_LOOP_ANALYSIS = YES;
				CLANG_WARN_STRICT_PROTOTYPES = YES;
				CLANG_WARN_SUSPICIOUS_MOVE = YES;
				CLANG_WARN_UNGUARDED_AVAILABILITY = YES_AGGRESSIVE;
				CLANG_WARN_UNREACHABLE_CODE = YES;
				CLANG_WARN__DUPLICATE_METHOD_MATCH = YES;
				COPY_PHASE_STRIP = NO;
				DEBUG_INFORMATION_FORMAT = "dwarf-with-dsym";
				ENABLE_NS_ASSERTIONS = NO;
				ENABLE_STRICT_OBJC_MSGSEND = YES;
				ENABLE_USER_SCRIPT_SANDBOXING = YES;
				GCC_C_LANGUAGE_STANDARD = gnu17;
				GCC_NO_COMMON_BLOCKS = YES;
				GCC_WARN_64_TO_32_BIT_CONVERSION = YES;
				GCC_WARN_ABOUT_RETURN_TYPE = YES_ERROR;
				GCC_WARN_UNDECLARED_SELECTOR = YES;
				GCC_WARN_UNINITIALIZED_AUTOS = YES_AGGRESSIVE;
				GCC_WARN_UNUSED_FUNCTION = YES;
				GCC_WARN_UNUSED_VARIABLE = YES;
				IPHONEOS_DEPLOYMENT_TARGET = 18.1;
				LOCALIZATION_PREFERS_STRING_CATALOGS = YES;
				MTL_ENABLE_DEBUG_INFO = NO;
				MTL_FAST_MATH = YES;
				SDKROOT = iphoneos;
				SWIFT_COMPILATION_MODE = wholemodule;
				VALIDATE_PRODUCT = YES;
			};
			name = Release;
		};
		5C81DE9D2CF4EA8D005B3729 /* Debug */ = {
			isa = XCBuildConfiguration;
			buildSettings = {
				ASSETCATALOG_COMPILER_APPICON_NAME = AppIcon;
				ASSETCATALOG_COMPILER_GLOBAL_ACCENT_COLOR_NAME = AccentColor;
				CODE_SIGN_STYLE = Automatic;
				CURRENT_PROJECT_VERSION = 2;
				DEBUG_INFORMATION_FORMAT = "dwarf-with-dsym";
				DEVELOPMENT_ASSET_PATHS = "\"swapi/Preview Content\"";
				DEVELOPMENT_TEAM = F9WRGXFXNM;
				ENABLE_PREVIEWS = YES;
				GENERATE_INFOPLIST_FILE = YES;
				INFOPLIST_FILE = "$(SRCROOT)/swapi/Info.plist";
				INFOPLIST_KEY_UIApplicationSceneManifest_Generation = YES;
				INFOPLIST_KEY_UIApplicationSupportsIndirectInputEvents = YES;
				INFOPLIST_KEY_UILaunchScreen_Generation = YES;
				INFOPLIST_KEY_UISupportedInterfaceOrientations_iPad = "UIInterfaceOrientationPortrait UIInterfaceOrientationPortraitUpsideDown UIInterfaceOrientationLandscapeLeft UIInterfaceOrientationLandscapeRight";
				INFOPLIST_KEY_UISupportedInterfaceOrientations_iPhone = "UIInterfaceOrientationPortrait UIInterfaceOrientationLandscapeLeft UIInterfaceOrientationLandscapeRight";
				LD_RUNPATH_SEARCH_PATHS = (
					"$(inherited)",
					"@executable_path/Frameworks",
				);
				MARKETING_VERSION = 1.1;
				"OTHER_LDFLAGS[arch=*]" = "-ObjC";
				PRODUCT_BUNDLE_IDENTIFIER = barrera.alejandro.swapi;
				PRODUCT_NAME = "${TARGET_NAME}";
				SWIFT_EMIT_LOC_STRINGS = YES;
				SWIFT_VERSION = 5.0;
				TARGETED_DEVICE_FAMILY = "1,2";
			};
			name = Debug;
		};
		5C81DE9E2CF4EA8D005B3729 /* Release */ = {
			isa = XCBuildConfiguration;
			buildSettings = {
				ASSETCATALOG_COMPILER_APPICON_NAME = AppIcon;
				ASSETCATALOG_COMPILER_GLOBAL_ACCENT_COLOR_NAME = AccentColor;
				CODE_SIGN_STYLE = Automatic;
				CURRENT_PROJECT_VERSION = 2;
				DEVELOPMENT_ASSET_PATHS = "\"swapi/Preview Content\"";
				DEVELOPMENT_TEAM = F9WRGXFXNM;
				ENABLE_PREVIEWS = YES;
				GENERATE_INFOPLIST_FILE = YES;
				INFOPLIST_FILE = "$(SRCROOT)/swapi/Info.plist";
				INFOPLIST_KEY_UIApplicationSceneManifest_Generation = YES;
				INFOPLIST_KEY_UIApplicationSupportsIndirectInputEvents = YES;
				INFOPLIST_KEY_UILaunchScreen_Generation = YES;
				INFOPLIST_KEY_UISupportedInterfaceOrientations_iPad = "UIInterfaceOrientationPortrait UIInterfaceOrientationPortraitUpsideDown UIInterfaceOrientationLandscapeLeft UIInterfaceOrientationLandscapeRight";
				INFOPLIST_KEY_UISupportedInterfaceOrientations_iPhone = "UIInterfaceOrientationPortrait UIInterfaceOrientationLandscapeLeft UIInterfaceOrientationLandscapeRight";
				LD_RUNPATH_SEARCH_PATHS = (
					"$(inherited)",
					"@executable_path/Frameworks",
				);
				MARKETING_VERSION = 1.1;
				"OTHER_LDFLAGS[arch=*]" = "-ObjC";
				PRODUCT_BUNDLE_IDENTIFIER = barrera.alejandro.swapi;
				PRODUCT_NAME = "${TARGET_NAME}";
				SWIFT_EMIT_LOC_STRINGS = YES;
				SWIFT_VERSION = 5.0;
				TARGETED_DEVICE_FAMILY = "1,2";
			};
			name = Release;
		};
		5C81DEA02CF4EA8D005B3729 /* Debug */ = {
			isa = XCBuildConfiguration;
			buildSettings = {
				BUNDLE_LOADER = "$(TEST_HOST)";
				CODE_SIGN_STYLE = Automatic;
				CURRENT_PROJECT_VERSION = 1;
				DEVELOPMENT_TEAM = F9WRGXFXNM;
				GENERATE_INFOPLIST_FILE = YES;
				IPHONEOS_DEPLOYMENT_TARGET = 18.1;
				MARKETING_VERSION = 1.0;
				PRODUCT_BUNDLE_IDENTIFIER = barrera.alejandro.swapiTests;
				PRODUCT_NAME = "$(TARGET_NAME)";
				SWIFT_EMIT_LOC_STRINGS = NO;
				SWIFT_VERSION = 5.0;
				TARGETED_DEVICE_FAMILY = "1,2";
				TEST_HOST = "$(BUILT_PRODUCTS_DIR)/Swapi.app/$(BUNDLE_EXECUTABLE_FOLDER_PATH)/Swapi";
			};
			name = Debug;
		};
		5C81DEA12CF4EA8D005B3729 /* Release */ = {
			isa = XCBuildConfiguration;
			buildSettings = {
				BUNDLE_LOADER = "$(TEST_HOST)";
				CODE_SIGN_STYLE = Automatic;
				CURRENT_PROJECT_VERSION = 1;
				DEVELOPMENT_TEAM = F9WRGXFXNM;
				GENERATE_INFOPLIST_FILE = YES;
				IPHONEOS_DEPLOYMENT_TARGET = 18.1;
				MARKETING_VERSION = 1.0;
				PRODUCT_BUNDLE_IDENTIFIER = barrera.alejandro.swapiTests;
				PRODUCT_NAME = "$(TARGET_NAME)";
				SWIFT_EMIT_LOC_STRINGS = NO;
				SWIFT_VERSION = 5.0;
				TARGETED_DEVICE_FAMILY = "1,2";
				TEST_HOST = "$(BUILT_PRODUCTS_DIR)/Swapi.app/$(BUNDLE_EXECUTABLE_FOLDER_PATH)/Swapi";
			};
			name = Release;
		};
		5C81DEA32CF4EA8D005B3729 /* Debug */ = {
			isa = XCBuildConfiguration;
			buildSettings = {
				CODE_SIGN_STYLE = Automatic;
				CURRENT_PROJECT_VERSION = 1;
				DEVELOPMENT_TEAM = F9WRGXFXNM;
				GENERATE_INFOPLIST_FILE = YES;
				MARKETING_VERSION = 1.0;
				PRODUCT_BUNDLE_IDENTIFIER = barrera.alejandro.swapiUITests;
				PRODUCT_NAME = "$(TARGET_NAME)";
				PROVISIONING_PROFILE = "";
				SWIFT_EMIT_LOC_STRINGS = NO;
				SWIFT_VERSION = 5.0;
				TARGETED_DEVICE_FAMILY = "1,2";
				TEST_HOST = "";
				TEST_TARGET_NAME = Swapi;
			};
			name = Debug;
		};
		5C81DEA42CF4EA8D005B3729 /* Release */ = {
			isa = XCBuildConfiguration;
			buildSettings = {
				CODE_SIGN_STYLE = Automatic;
				CURRENT_PROJECT_VERSION = 1;
				DEVELOPMENT_TEAM = F9WRGXFXNM;
				GENERATE_INFOPLIST_FILE = YES;
				MARKETING_VERSION = 1.0;
				PRODUCT_BUNDLE_IDENTIFIER = barrera.alejandro.swapiUITests;
				PRODUCT_NAME = "$(TARGET_NAME)";
				PROVISIONING_PROFILE = "";
				SWIFT_EMIT_LOC_STRINGS = NO;
				SWIFT_VERSION = 5.0;
				TARGETED_DEVICE_FAMILY = "1,2";
				TEST_HOST = "";
				TEST_TARGET_NAME = Swapi;
			};
			name = Release;
		};
/* End XCBuildConfiguration section */

/* Begin XCConfigurationList section */
		5C81DE712CF4EA8C005B3729 /* Build configuration list for PBXProject "swapi" */ = {
			isa = XCConfigurationList;
			buildConfigurations = (
				5C81DE9A2CF4EA8D005B3729 /* Debug */,
				5C81DE9B2CF4EA8D005B3729 /* Release */,
			);
			defaultConfigurationIsVisible = 0;
			defaultConfigurationName = Release;
		};
		5C81DE9C2CF4EA8D005B3729 /* Build configuration list for PBXNativeTarget "Swapi" */ = {
			isa = XCConfigurationList;
			buildConfigurations = (
				5C81DE9D2CF4EA8D005B3729 /* Debug */,
				5C81DE9E2CF4EA8D005B3729 /* Release */,
			);
			defaultConfigurationIsVisible = 0;
			defaultConfigurationName = Release;
		};
		5C81DE9F2CF4EA8D005B3729 /* Build configuration list for PBXNativeTarget "swapiTests" */ = {
			isa = XCConfigurationList;
			buildConfigurations = (
				5C81DEA02CF4EA8D005B3729 /* Debug */,
				5C81DEA12CF4EA8D005B3729 /* Release */,
			);
			defaultConfigurationIsVisible = 0;
			defaultConfigurationName = Release;
		};
		5C81DEA22CF4EA8D005B3729 /* Build configuration list for PBXNativeTarget "swapiUITests" */ = {
			isa = XCConfigurationList;
			buildConfigurations = (
				5C81DEA32CF4EA8D005B3729 /* Debug */,
				5C81DEA42CF4EA8D005B3729 /* Release */,
			);
			defaultConfigurationIsVisible = 0;
			defaultConfigurationName = Release;
		};
/* End XCConfigurationList section */

/* Begin XCRemoteSwiftPackageReference section */
		5C193E482D36B84E00795397 /* XCRemoteSwiftPackageReference "firebase-ios-sdk" */ = {
			isa = XCRemoteSwiftPackageReference;
			repositoryURL = "https://github.com/firebase/firebase-ios-sdk";
			requirement = {
				kind = upToNextMajorVersion;
				minimumVersion = 11.7.0;
			};
		};
		5C1B26B32D13278C00C20724 /* XCRemoteSwiftPackageReference "Factory" */ = {
			isa = XCRemoteSwiftPackageReference;
			repositoryURL = "https://github.com/hmlongco/Factory";
			requirement = {
				kind = upToNextMajorVersion;
				minimumVersion = 2.4.3;
			};
		};
		5CB9B53D2D3A14A600EBFCB0 /* XCRemoteSwiftPackageReference "swift-package-manager-google-user-messaging-platform" */ = {
			isa = XCRemoteSwiftPackageReference;
			repositoryURL = "https://github.com/googleads/swift-package-manager-google-user-messaging-platform.git";
			requirement = {
				kind = upToNextMajorVersion;
				minimumVersion = 2.7.0;
			};
		};
/* End XCRemoteSwiftPackageReference section */

/* Begin XCSwiftPackageProductDependency section */
		5C193E492D36B84E00795397 /* FirebaseAnalytics */ = {
			isa = XCSwiftPackageProductDependency;
			package = 5C193E482D36B84E00795397 /* XCRemoteSwiftPackageReference "firebase-ios-sdk" */;
			productName = FirebaseAnalytics;
		};
		5C193E4B2D36B84E00795397 /* FirebaseCrashlytics */ = {
			isa = XCSwiftPackageProductDependency;
			package = 5C193E482D36B84E00795397 /* XCRemoteSwiftPackageReference "firebase-ios-sdk" */;
			productName = FirebaseCrashlytics;
		};
		5C1B26B52D13279E00C20724 /* Factory */ = {
			isa = XCSwiftPackageProductDependency;
			package = 5C1B26B32D13278C00C20724 /* XCRemoteSwiftPackageReference "Factory" */;
			productName = Factory;
		};
		5CB9B5402D3A1C9D00EBFCB0 /* GoogleUserMessagingPlatform */ = {
			isa = XCSwiftPackageProductDependency;
			productName = GoogleUserMessagingPlatform;
		};
/* End XCSwiftPackageProductDependency section */
	};
	rootObject = 5C81DE6E2CF4EA8C005B3729 /* Project object */;
}
